{"version":4,"terraform_version":"1.9.1","serial":2,"lineage":"111647ee-47c1-53fb-e94c-24735384268c","outputs":{},"resources":[{"mode":"managed","type":"null_resource","name":"test","provider":"provider[\"registry.opentofu.org/hashicorp/null\"]","instances":[{"schema_version":0,"attributes":{"id":"8230355069269769449","triggers":null},"sensitive_attributes":[]}]},{"mode":"managed","type":"random_string","name":"test","provider":"provider[\"registry.opentofu.org/hashicorp/random\"]","instances":[{"schema_version":2,"attributes":{"id":"ab7vGFNR","keepers":null,"length":8,"lower":true,"min_lower":0,"min_numeric":0,"min_special":0,"min_upper":0,"number":true,"numeric":true,"override_special":null,"result":"ab7vGFNR","special":false,"upper":true},"sensitive_attributes":[]}]}],"check_results":null}
